
Microsoft Visual Studio Solution File, Format Version 12.00
# Visual Studio Version 16
VisualStudioVersion = 16.0.30114.105
MinimumVisualStudioVersion = 10.0.40219.1
Project("{FAE04EC0-301F-11D3-BF4B-00C04F79EFBC}") = "FIX.Models", "FIX.Models\FIX.Models.csproj", "{ED659B41-150A-4241-8808-54353DDD7955}"
EndProject
Project("{FAE04EC0-301F-11D3-BF4B-00C04F79EFBC}") = "Tests.FIX.Models", "Tests.FIX.Models\Tests.FIX.Models.csproj", "{B89A2059-071C-4FBD-9A46-A62D78F65A14}"
EndProject
Global
	GlobalSection(SolutionConfigurationPlatforms) = preSolution
		Debug|Any CPU = Debug|Any CPU
		Release|Any CPU = Release|Any CPU
	EndGlobalSection
	GlobalSection(SolutionProperties) = preSolution
		HideSolutionNode = FALSE
	EndGlobalSection
	GlobalSection(ProjectConfigurationPlatforms) = postSolution
		{ED659B41-150A-4241-8808-54353DDD7955}.Debug|Any CPU.ActiveCfg = Debug|Any CPU
		{ED659B41-150A-4241-8808-54353DDD7955}.Debug|Any CPU.Build.0 = Debug|Any CPU
		{ED659B41-150A-4241-8808-54353DDD7955}.Release|Any CPU.ActiveCfg = Release|Any CPU
		{ED659B41-150A-4241-8808-54353DDD7955}.Release|Any CPU.Build.0 = Release|Any CPU
		{B89A2059-071C-4FBD-9A46-A62D78F65A14}.Debug|Any CPU.ActiveCfg = Debug|Any CPU
		{B89A2059-071C-4FBD-9A46-A62D78F65A14}.Debug|Any CPU.Build.0 = Debug|Any CPU
		{B89A2059-071C-4FBD-9A46-A62D78F65A14}.Release|Any CPU.ActiveCfg = Release|Any CPU
		{B89A2059-071C-4FBD-9A46-A62D78F65A14}.Release|Any CPU.Build.0 = Release|Any CPU
	EndGlobalSection
EndGlobal
